PODS:
  - file_selector_macos (0.0.1):
    - FlutterMacOS
  - flutter_image_compress_macos (1.0.0):
    - FlutterMacOS
  - FlutterMacOS (1.0.0)
  - in_app_review (2.0.0):
    - FlutterMacOS
  - path_provider_foundation (0.0.1):
    - Flutter
    - FlutterMacOS
  - share_plus (0.0.1):
    - FlutterMacOS
  - sqflite_darwin (0.0.4):
    - Flutter
    - FlutterMacOS
  - url_launcher_macos (0.0.1):
    - FlutterMacOS

DEPENDENCIES:
  - file_selector_macos (from `Flutter/ephemeral/.symlinks/plugins/file_selector_macos/macos`)
  - flutter_image_compress_macos (from `Flutter/ephemeral/.symlinks/plugins/flutter_image_compress_macos/macos`)
  - FlutterMacOS (from `Flutter/ephemeral`)
  - in_app_review (from `Flutter/ephemeral/.symlinks/plugins/in_app_review/macos`)
  - path_provider_foundation (from `Flutter/ephemeral/.symlinks/plugins/path_provider_foundation/darwin`)
  - share_plus (from `Flutter/ephemeral/.symlinks/plugins/share_plus/macos`)
  - sqflite_darwin (from `Flutter/ephemeral/.symlinks/plugins/sqflite_darwin/darwin`)
  - url_launcher_macos (from `Flutter/ephemeral/.symlinks/plugins/url_launcher_macos/macos`)

EXTERNAL SOURCES:
  file_selector_macos:
    :path: Flutter/ephemeral/.symlinks/plugins/file_selector_macos/macos
  flutter_image_compress_macos:
    :path: Flutter/ephemeral/.symlinks/plugins/flutter_image_compress_macos/macos
  FlutterMacOS:
    :path: Flutter/ephemeral
  in_app_review:
    :path: Flutter/ephemeral/.symlinks/plugins/in_app_review/macos
  path_provider_foundation:
    :path: Flutter/ephemeral/.symlinks/plugins/path_provider_foundation/darwin
  share_plus:
    :path: Flutter/ephemeral/.symlinks/plugins/share_plus/macos
  sqflite_darwin:
    :path: Flutter/ephemeral/.symlinks/plugins/sqflite_darwin/darwin
  url_launcher_macos:
    :path: Flutter/ephemeral/.symlinks/plugins/url_launcher_macos/macos

SPEC CHECKSUMS:
  file_selector_macos: cc3858c981fe6889f364731200d6232dac1d812d
  flutter_image_compress_macos: c26c3c13ea0f28ae6dea4e139b3292e7729f99f1
  FlutterMacOS: d0db08ddef1a9af05a5ec4b724367152bb0500b1
  in_app_review: a6a031b9acd03c7d103e341aa334adf2c493fb93
  path_provider_foundation: 2b6b4c569c0fb62ec74538f866245ac84301af46
  share_plus: 1fa619de8392a4398bfaf176d441853922614e89
  sqflite_darwin: 5a7236e3b501866c1c9befc6771dfd73ffb8702d
  url_launcher_macos: c82c93949963e55b228a30115bd219499a6fe404

PODFILE CHECKSUM: 9ebaf0ce3d369aaa26a9ea0e159195ed94724cf3

COCOAPODS: 1.16.2
